// !$*UTF8*$!
{
	archiveVersion = 1;
	classes = {
	};
	objectVersion = 56;
	objects = {

/* Begin PBXBuildFile section */
		A19609AA2C109C1B00737DB8 /* ConvertierApp.swift in Sources */ = {isa = PBXBuildFile; fileRef = A19609A92C109C1B00737DB8 /* ConvertierApp.swift */; };
		A19609AC2C109C1B00737DB8 /* ContentView.swift in Sources */ = {isa = PBXBuildFile; fileRef = A19609AB2C109C1B00737DB8 /* ContentView.swift */; };
		A19609AE2C109C1B00737DB8 /* Item.swift in Sources */ = {isa = PBXBuildFile; fileRef = A19609AD2C109C1B00737DB8 /* Item.swift */; };
		A19609B02C109C1D00737DB8 /* Assets.xcassets in Resources */ = {isa = PBXBuildFile; fileRef = A19609AF2C109C1D00737DB8 /* Assets.xcassets */; };
		A19609B32C109C1D00737DB8 /* Preview Assets.xcassets in Resources */ = {isa = PBXBuildFile; fileRef = A19609B22C109C1D00737DB8 /* Preview Assets.xcassets */; };
		A19609BE2C109C1D00737DB8 /* ConvertierTests.swift in Sources */ = {isa = PBXBuildFile; fileRef = A19609BD2C109C1D00737DB8 /* ConvertierTests.swift */; };
		A19609C82C109C1D00737DB8 /* ConvertierUITests.swift in Sources */ = {isa = PBXBuildFile; fileRef = A19609C72C109C1D00737DB8 /* ConvertierUITests.swift */; };
		A19609CA2C109C1D00737DB8 /* ConvertierUITestsLaunchTests.swift in Sources */ = {isa = PBXBuildFile; fileRef = A19609C92C109C1D00737DB8 /* ConvertierUITestsLaunchTests.swift */; };
		A19609D92C109C4600737DB8 /* HomeView.swift in Sources */ = {isa = PBXBuildFile; fileRef = A19609D82C109C4600737DB8 /* HomeView.swift */; };
/* End PBXBuildFile section */

/* Begin PBXContainerItemProxy section */
		A19609BA2C109C1D00737DB8 /* PBXContainerItemProxy */ = {
			isa = PBXContainerItemProxy;
			containerPortal = A196099E2C109C1B00737DB8 /* Project object */;
			proxyType = 1;
			remoteGlobalIDString = A19609A52C109C1B00737DB8;
			remoteInfo = Convertier;
		};
		A19609C42C109C1D00737DB8 /* PBXContainerItemProxy */ = {
			isa = PBXContainerItemProxy;
			containerPortal = A196099E2C109C1B00737DB8 /* Project object */;
			proxyType = 1;
			remoteGlobalIDString = A19609A52C109C1B00737DB8;
			remoteInfo = Convertier;
		};
/* End PBXContainerItemProxy section */

/* Begin PBXFileReference section */
		A19609A62C109C1B00737DB8 /* Convertier.app */ = {isa = PBXFileReference; explicitFileType = wrapper.application; includeInIndex = 0; path = Convertier.app; sourceTree = BUILT_PRODUCTS_DIR; };
		A19609A92C109C1B00737DB8 /* ConvertierApp.swift */ = {isa = PBXFileReference; lastKnownFileType = sourcecode.swift; path = ConvertierApp.swift; sourceTree = "<group>"; };
		A19609AB2C109C1B00737DB8 /* ContentView.swift */ = {isa = PBXFileReference; lastKnownFileType = sourcecode.swift; path = ContentView.swift; sourceTree = "<group>"; };
		A19609AD2C109C1B00737DB8 /* Item.swift */ = {isa = PBXFileReference; lastKnownFileType = sourcecode.swift; path = Item.swift; sourceTree = "<group>"; };
		A19609AF2C109C1D00737DB8 /* Assets.xcassets */ = {isa = PBXFileReference; lastKnownFileType = folder.assetcatalog; path = Assets.xcassets; sourceTree = "<group>"; };
		A19609B22C109C1D00737DB8 /* Preview Assets.xcassets */ = {isa = PBXFileReference; lastKnownFileType = folder.assetcatalog; path = "Preview Assets.xcassets"; sourceTree = "<group>"; };
		A19609B42C109C1D00737DB8 /* Convertier.entitlements */ = {isa = PBXFileReference; lastKnownFileType = text.plist.entitlements; path = Convertier.entitlements; sourceTree = "<group>"; };
		A19609B92C109C1D00737DB8 /* ConvertierTests.xctest */ = {isa = PBXFileReference; explicitFileType = wrapper.cfbundle; includeInIndex = 0; path = ConvertierTests.xctest; sourceTree = BUILT_PRODUCTS_DIR; };
		A19609BD2C109C1D00737DB8 /* ConvertierTests.swift */ = {isa = PBXFileReference; lastKnownFileType = sourcecode.swift; path = ConvertierTests.swift; sourceTree = "<group>"; };
		A19609C32C109C1D00737DB8 /* ConvertierUITests.xctest */ = {isa = PBXFileReference; explicitFileType = wrapper.cfbundle; includeInIndex = 0; path = ConvertierUITests.xctest; sourceTree = BUILT_PRODUCTS_DIR; };
		A19609C72C109C1D00737DB8 /* ConvertierUITests.swift */ = {isa = PBXFileReference; lastKnownFileType = sourcecode.swift; path = ConvertierUITests.swift; sourceTree = "<group>"; };
		A19609C92C109C1D00737DB8 /* ConvertierUITestsLaunchTests.swift */ = {isa = PBXFileReference; lastKnownFileType = sourcecode.swift; path = ConvertierUITestsLaunchTests.swift; sourceTree = "<group>"; };
		A19609D82C109C4600737DB8 /* HomeView.swift */ = {isa = PBXFileReference; lastKnownFileType = sourcecode.swift; path = HomeView.swift; sourceTree = "<group>"; };
/* End PBXFileReference section */

/* Begin PBXFrameworksBuildPhase section */
		A19609A32C109C1B00737DB8 /* Frameworks */ = {
			isa = PBXFrameworksBuildPhase;
			buildActionMask = 2147483647;
			files = (
			);
			runOnlyForDeploymentPostprocessing = 0;
		};
		A19609B62C109C1D00737DB8 /* Frameworks */ = {
			isa = PBXFrameworksBuildPhase;
			buildActionMask = 2147483647;
			files = (
			);
			runOnlyForDeploymentPostprocessing = 0;
		};
		A19609C02C109C1D00737DB8 /* Frameworks */ = {
			isa = PBXFrameworksBuildPhase;
			buildActionMask = 2147483647;
			files = (
			);
			runOnlyForDeploymentPostprocessing = 0;
		};
/* End PBXFrameworksBuildPhase section */

/* Begin PBXGroup section */
		A196099D2C109C1B00737DB8 = {
			isa = PBXGroup;
			children = (
				A19609A82C109C1B00737DB8 /* Convertier */,
				A19609BC2C109C1D00737DB8 /* ConvertierTests */,
				A19609C62C109C1D00737DB8 /* ConvertierUITests */,
				A19609A72C109C1B00737DB8 /* Products */,
			);
			sourceTree = "<group>";
		};
		A19609A72C109C1B00737DB8 /* Products */ = {
			isa = PBXGroup;
			children = (
				A19609A62C109C1B00737DB8 /* Convertier.app */,
				A19609B92C109C1D00737DB8 /* ConvertierTests.xctest */,
				A19609C32C109C1D00737DB8 /* ConvertierUITests.xctest */,
			);
			name = Products;
			sourceTree = "<group>";
		};
		A19609A82C109C1B00737DB8 /* Convertier */ = {
			isa = PBXGroup;
			children = (
				A19609A92C109C1B00737DB8 /* ConvertierApp.swift */,
				A19609D82C109C4600737DB8 /* HomeView.swift */,
				A19609AB2C109C1B00737DB8 /* ContentView.swift */,
				A19609AD2C109C1B00737DB8 /* Item.swift */,
				A19609AF2C109C1D00737DB8 /* Assets.xcassets */,
				A19609B42C109C1D00737DB8 /* Convertier.entitlements */,
				A19609B12C109C1D00737DB8 /* Preview Content */,
			);
			path = Convertier;
			sourceTree = "<group>";
		};
		A19609B12C109C1D00737DB8 /* Preview Content */ = {
			isa = PBXGroup;
			children = (
				A19609B22C109C1D00737DB8 /* Preview Assets.xcassets */,
			);
			path = "Preview Content";
			sourceTree = "<group>";
		};
		A19609BC2C109C1D00737DB8 /* ConvertierTests */ = {
			isa = PBXGroup;
			children = (
				A19609BD2C109C1D00737DB8 /* ConvertierTests.swift */,
			);
			path = ConvertierTests;
			sourceTree = "<group>";
		};
		A19609C62C109C1D00737DB8 /* ConvertierUITests */ = {
			isa = PBXGroup;
			children = (
				A19609C72C109C1D00737DB8 /* ConvertierUITests.swift */,
				A19609C92C109C1D00737DB8 /* ConvertierUITestsLaunchTests.swift */,
			);
			path = ConvertierUITests;
			sourceTree = "<group>";
		};
/* End PBXGroup section */

/* Begin PBXNativeTarget section */
		A19609A52C109C1B00737DB8 /* Convertier */ = {
			isa = PBXNativeTarget;
			buildConfigurationList = A19609CD2C109C1D00737DB8 /* Build configuration list for PBXNativeTarget "Convertier" */;
			buildPhases = (
				A19609A22C109C1B00737DB8 /* Sources */,
				A19609A32C109C1B00737DB8 /* Frameworks */,
				A19609A42C109C1B00737DB8 /* Resources */,
			);
			buildRules = (
			);
			dependencies = (
			);
			name = Convertier;
			productName = Convertier;
			productReference = A19609A62C109C1B00737DB8 /* Convertier.app */;
			productType = "com.apple.product-type.application";
		};
		A19609B82C109C1D00737DB8 /* ConvertierTests */ = {
			isa = PBXNativeTarget;
			buildConfigurationList = A19609D02C109C1D00737DB8 /* Build configuration list for PBXNativeTarget "ConvertierTests" */;
			buildPhases = (
				A19609B52C109C1D00737DB8 /* Sources */,
				A19609B62C109C1D00737DB8 /* Frameworks */,
				A19609B72C109C1D00737DB8 /* Resources */,
			);
			buildRules = (
			);
			dependencies = (
				A19609BB2C109C1D00737DB8 /* PBXTargetDependency */,
			);
			name = ConvertierTests;
			productName = ConvertierTests;
			productReference = A19609B92C109C1D00737DB8 /* ConvertierTests.xctest */;
			productType = "com.apple.product-type.bundle.unit-test";
		};
		A19609C22C109C1D00737DB8 /* ConvertierUITests */ = {
			isa = PBXNativeTarget;
			buildConfigurationList = A19609D32C109C1D00737DB8 /* Build configuration list for PBXNativeTarget "ConvertierUITests" */;
			buildPhases = (
				A19609BF2C109C1D00737DB8 /* Sources */,
				A19609C02C109C1D00737DB8 /* Frameworks */,
				A19609C12C109C1D00737DB8 /* Resources */,
			);
			buildRules = (
			);
			dependencies = (
				A19609C52C109C1D00737DB8 /* PBXTargetDependency */,
			);
			name = ConvertierUITests;
			productName = ConvertierUITests;
			productReference = A19609C32C109C1D00737DB8 /* ConvertierUITests.xctest */;
			productType = "com.apple.product-type.bundle.ui-testing";
		};
/* End PBXNativeTarget section */

/* Begin PBXProject section */
		A196099E2C109C1B00737DB8 /* Project object */ = {
			isa = PBXProject;
			attributes = {
				BuildIndependentTargetsInParallel = 1;
				LastSwiftUpdateCheck = 1520;
				LastUpgradeCheck = 1520;
				TargetAttributes = {
					A19609A52C109C1B00737DB8 = {
						CreatedOnToolsVersion = 15.2;
					};
					A19609B82C109C1D00737DB8 = {
						CreatedOnToolsVersion = 15.2;
						TestTargetID = A19609A52C109C1B00737DB8;
					};
					A19609C22C109C1D00737DB8 = {
						CreatedOnToolsVersion = 15.2;
						TestTargetID = A19609A52C109C1B00737DB8;
					};
				};
			};
			buildConfigurationList = A19609A12C109C1B00737DB8 /* Build configuration list for PBXProject "Convertier" */;
			compatibilityVersion = "Xcode 14.0";
			developmentRegion = en;
			hasScannedForEncodings = 0;
			knownRegions = (
				en,
				Base,
			);
			mainGroup = A196099D2C109C1B00737DB8;
			productRefGroup = A19609A72C109C1B00737DB8 /* Products */;
			projectDirPath = "";
			projectRoot = "";
			targets = (
				A19609A52C109C1B00737DB8 /* Convertier */,
				A19609B82C109C1D00737DB8 /* ConvertierTests */,
				A19609C22C109C1D00737DB8 /* ConvertierUITests */,
			);
		};
/* End PBXProject section */

/* Begin PBXResourcesBuildPhase section */
		A19609A42C109C1B00737DB8 /* Resources */ = {
			isa = PBXResourcesBuildPhase;
			buildActionMask = 2147483647;
			files = (
				A19609B32C109C1D00737DB8 /* Preview Assets.xcassets in Resources */,
				A19609B02C109C1D00737DB8 /* Assets.xcassets in Resources */,
			);
			runOnlyForDeploymentPostprocessing = 0;
		};
		A19609B72C109C1D00737DB8 /* Resources */ = {
			isa = PBXResourcesBuildPhase;
			buildActionMask = 2147483647;
			files = (
			);
			runOnlyForDeploymentPostprocessing = 0;
		};
		A19609C12C109C1D00737DB8 /* Resources */ = {
			isa = PBXResourcesBuildPhase;
			buildActionMask = 2147483647;
			files = (
			);
			runOnlyForDeploymentPostprocessing = 0;
		};
/* End PBXResourcesBuildPhase section */

/* Begin PBXSourcesBuildPhase section */
		A19609A22C109C1B00737DB8 /* Sources */ = {
			isa = PBXSourcesBuildPhase;
			buildActionMask = 2147483647;
			files = (
				A19609AC2C109C1B00737DB8 /* ContentView.swift in Sources */,
				A19609D92C109C4600737DB8 /* HomeView.swift in Sources */,
				A19609AE2C109C1B00737DB8 /* Item.swift in Sources */,
				A19609AA2C109C1B00737DB8 /* ConvertierApp.swift in Sources */,
			);
			runOnlyForDeploymentPostprocessing = 0;
		};
		A19609B52C109C1D00737DB8 /* Sources */ = {
			isa = PBXSourcesBuildPhase;
			buildActionMask = 2147483647;
			files = (
				A19609BE2C109C1D00737DB8 /* ConvertierTests.swift in Sources */,
			);
			runOnlyForDeploymentPostprocessing = 0;
		};
		A19609BF2C109C1D00737DB8 /* Sources */ = {
			isa = PBXSourcesBuildPhase;
			buildActionMask = 2147483647;
			files = (
				A19609C82C109C1D00737DB8 /* ConvertierUITests.swift in Sources */,
				A19609CA2C109C1D00737DB8 /* ConvertierUITestsLaunchTests.swift in Sources */,
			);
			runOnlyForDeploymentPostprocessing = 0;
		};
/* End PBXSourcesBuildPhase section */

/* Begin PBXTargetDependency section */
		A19609BB2C109C1D00737DB8 /* PBXTargetDependency */ = {
			isa = PBXTargetDependency;
			target = A19609A52C109C1B00737DB8 /* Convertier */;
			targetProxy = A19609BA2C109C1D00737DB8 /* PBXContainerItemProxy */;
		};
		A19609C52C109C1D00737DB8 /* PBXTargetDependency */ = {
			isa = PBXTargetDependency;
			target = A19609A52C109C1B00737DB8 /* Convertier */;
			targetProxy = A19609C42C109C1D00737DB8 /* PBXContainerItemProxy */;
		};
/* End PBXTargetDependency section */

/* Begin XCBuildConfiguration section */
		A19609CB2C109C1D00737DB8 /* Debug */ = {
			isa = XCBuildConfiguration;
			buildSettings = {
				ALWAYS_SEARCH_USER_PATHS = NO;
				ASSETCATALOG_COMPILER_GENERATE_SWIFT_ASSET_SYMBOL_EXTENSIONS = YES;
				CLANG_ANALYZER_NONNULL = YES;
				CLANG_ANALYZER_NUMBER_OBJECT_CONVERSION = YES_AGGRESSIVE;
				CLANG_CXX_LANGUAGE_STANDARD = "gnu++20";
				CLANG_ENABLE_MODULES = YES;
				CLANG_ENABLE_OBJC_ARC = YES;
				CLANG_ENABLE_OBJC_WEAK = YES;
				CLANG_WARN_BLOCK_CAPTURE_AUTORELEASING = YES;
				CLANG_WARN_BOOL_CONVERSION = YES;
				CLANG_WARN_COMMA = YES;
				CLANG_WARN_CONSTANT_CONVERSION = YES;
				CLANG_WARN_DEPRECATED_OBJC_IMPLEMENTATIONS = YES;
				CLANG_WARN_DIRECT_OBJC_ISA_USAGE = YES_ERROR;
				CLANG_WARN_DOCUMENTATION_COMMENTS = YES;
				CLANG_WARN_EMPTY_BODY = YES;
				CLANG_WARN_ENUM_CONVERSION = YES;
				CLANG_WARN_INFINITE_RECURSION = YES;
				CLANG_WARN_INT_CONVERSION = YES;
				CLANG_WARN_NON_LITERAL_NULL_CONVERSION = YES;
				CLANG_WARN_OBJC_IMPLICIT_RETAIN_SELF = YES;
				CLANG_WARN_OBJC_LITERAL_CONVERSION = YES;
				CLANG_WARN_OBJC_ROOT_CLASS = YES_ERROR;
				CLANG_WARN_QUOTED_INCLUDE_IN_FRAMEWORK_HEADER = YES;
				CLANG_WARN_RANGE_LOOP_ANALYSIS = YES;
				CLANG_WARN_STRICT_PROTOTYPES = YES;
				CLANG_WARN_SUSPICIOUS_MOVE = YES;
				CLANG_WARN_UNGUARDED_AVAILABILITY = YES_AGGRESSIVE;
				CLANG_WARN_UNREACHABLE_CODE = YES;
				CLANG_WARN__DUPLICATE_METHOD_MATCH = YES;
				COPY_PHASE_STRIP = NO;
				DEBUG_INFORMATION_FORMAT = dwarf;
				ENABLE_STRICT_OBJC_MSGSEND = YES;
				ENABLE_TESTABILITY = YES;
				ENABLE_USER_SCRIPT_SANDBOXING = YES;
				GCC_C_LANGUAGE_STANDARD = gnu17;
				GCC_DYNAMIC_NO_PIC = NO;
				GCC_NO_COMMON_BLOCKS = YES;
				GCC_OPTIMIZATION_LEVEL = 0;
				GCC_PREPROCESSOR_DEFINITIONS = (
					"DEBUG=1",
					"$(inherited)",
				);
				GCC_WARN_64_TO_32_BIT_CONVERSION = YES;
				GCC_WARN_ABOUT_RETURN_TYPE = YES_ERROR;
				GCC_WARN_UNDECLARED_SELECTOR = YES;
				GCC_WARN_UNINITIALIZED_AUTOS = YES_AGGRESSIVE;
				GCC_WARN_UNUSED_FUNCTION = YES;
				GCC_WARN_UNUSED_VARIABLE = YES;
				LOCALIZATION_PREFERS_STRING_CATALOGS = YES;
				MACOSX_DEPLOYMENT_TARGET = 14.2;
				MTL_ENABLE_DEBUG_INFO = INCLUDE_SOURCE;
				MTL_FAST_MATH = YES;
				ONLY_ACTIVE_ARCH = YES;
				SDKROOT = macosx;
				SWIFT_ACTIVE_COMPILATION_CONDITIONS = "DEBUG $(inherited)";
				SWIFT_OPTIMIZATION_LEVEL = "-Onone";
			};
			name = Debug;
		};
		A19609CC2C109C1D00737DB8 /* Release */ = {
			isa = XCBuildConfiguration;
			buildSettings = {
				ALWAYS_SEARCH_USER_PATHS = NO;
				ASSETCATALOG_COMPILER_GENERATE_SWIFT_ASSET_SYMBOL_EXTENSIONS = YES;
				CLANG_ANALYZER_NONNULL = YES;
				CLANG_ANALYZER_NUMBER_OBJECT_CONVERSION = YES_AGGRESSIVE;
				CLANG_CXX_LANGUAGE_STANDARD = "gnu++20";
				CLANG_ENABLE_MODULES = YES;
				CLANG_ENABLE_OBJC_ARC = YES;
				CLANG_ENABLE_OBJC_WEAK = YES;
				CLANG_WARN_BLOCK_CAPTURE_AUTORELEASING = YES;
				CLANG_WARN_BOOL_CONVERSION = YES;
				CLANG_WARN_COMMA = YES;
				CLANG_WARN_CONSTANT_CONVERSION = YES;
				CLANG_WARN_DEPRECATED_OBJC_IMPLEMENTATIONS = YES;
				CLANG_WARN_DIRECT_OBJC_ISA_USAGE = YES_ERROR;
				CLANG_WARN_DOCUMENTATION_COMMENTS = YES;
				CLANG_WARN_EMPTY_BODY = YES;
				CLANG_WARN_ENUM_CONVERSION = YES;
				CLANG_WARN_INFINITE_RECURSION = YES;
				CLANG_WARN_INT_CONVERSION = YES;
				CLANG_WARN_NON_LITERAL_NULL_CONVERSION = YES;
				CLANG_WARN_OBJC_IMPLICIT_RETAIN_SELF = YES;
				CLANG_WARN_OBJC_LITERAL_CONVERSION = YES;
				CLANG_WARN_OBJC_ROOT_CLASS = YES_ERROR;
				CLANG_WARN_QUOTED_INCLUDE_IN_FRAMEWORK_HEADER = YES;
				CLANG_WARN_RANGE_LOOP_ANALYSIS = YES;
				CLANG_WARN_STRICT_PROTOTYPES = YES;
				CLANG_WARN_SUSPICIOUS_MOVE = YES;
				CLANG_WARN_UNGUARDED_AVAILABILITY = YES_AGGRESSIVE;
				CLANG_WARN_UNREACHABLE_CODE = YES;
				CLANG_WARN__DUPLICATE_METHOD_MATCH = YES;
				COPY_PHASE_STRIP = NO;
				DEBUG_INFORMATION_FORMAT = "dwarf-with-dsym";
				ENABLE_NS_ASSERTIONS = NO;
				ENABLE_STRICT_OBJC_MSGSEND = YES;
				ENABLE_USER_SCRIPT_SANDBOXING = YES;
				GCC_C_LANGUAGE_STANDARD = gnu17;
				GCC_NO_COMMON_BLOCKS = YES;
				GCC_WARN_64_TO_32_BIT_CONVERSION = YES;
				GCC_WARN_ABOUT_RETURN_TYPE = YES_ERROR;
				GCC_WARN_UNDECLARED_SELECTOR = YES;
				GCC_WARN_UNINITIALIZED_AUTOS = YES_AGGRESSIVE;
				GCC_WARN_UNUSED_FUNCTION = YES;
				GCC_WARN_UNUSED_VARIABLE = YES;
				LOCALIZATION_PREFERS_STRING_CATALOGS = YES;
				MACOSX_DEPLOYMENT_TARGET = 14.2;
				MTL_ENABLE_DEBUG_INFO = NO;
				MTL_FAST_MATH = YES;
				SDKROOT = macosx;
				SWIFT_COMPILATION_MODE = wholemodule;
			};
			name = Release;
		};
		A19609CE2C109C1D00737DB8 /* Debug */ = {
			isa = XCBuildConfiguration;
			buildSettings = {
				ASSETCATALOG_COMPILER_APPICON_NAME = AppIcon;
				ASSETCATALOG_COMPILER_GLOBAL_ACCENT_COLOR_NAME = AccentColor;
				CODE_SIGN_ENTITLEMENTS = Convertier/Convertier.entitlements;
				CODE_SIGN_STYLE = Automatic;
				COMBINE_HIDPI_IMAGES = YES;
				CURRENT_PROJECT_VERSION = 1;
				DEVELOPMENT_ASSET_PATHS = "\"Convertier/Preview Content\"";
				DEVELOPMENT_TEAM = 59XYW74885;
				ENABLE_HARDENED_RUNTIME = YES;
				ENABLE_PREVIEWS = YES;
				GENERATE_INFOPLIST_FILE = YES;
				INFOPLIST_KEY_NSHumanReadableCopyright = "";
				LD_RUNPATH_SEARCH_PATHS = (
					"$(inherited)",
					"@executable_path/../Frameworks",
				);
				MACOSX_DEPLOYMENT_TARGET = 14.0;
				MARKETING_VERSION = 1.0;
				PRODUCT_BUNDLE_IDENTIFIER = com.nicolocurioni.Convertier;
				PRODUCT_NAME = "$(TARGET_NAME)";
				SWIFT_EMIT_LOC_STRINGS = YES;
				SWIFT_VERSION = 5.0;
			};
			name = Debug;
		};
		A19609CF2C109C1D00737DB8 /* Release */ = {
			isa = XCBuildConfiguration;
			buildSettings = {
				ASSETCATALOG_COMPILER_APPICON_NAME = AppIcon;
				ASSETCATALOG_COMPILER_GLOBAL_ACCENT_COLOR_NAME = AccentColor;
				CODE_SIGN_ENTITLEMENTS = Convertier/Convertier.entitlements;
				CODE_SIGN_STYLE = Automatic;
				COMBINE_HIDPI_IMAGES = YES;
				CURRENT_PROJECT_VERSION = 1;
				DEVELOPMENT_ASSET_PATHS = "\"Convertier/Preview Content\"";
				DEVELOPMENT_TEAM = 59XYW74885;
				ENABLE_HARDENED_RUNTIME = YES;
				ENABLE_PREVIEWS = YES;
				GENERATE_INFOPLIST_FILE = YES;
				INFOPLIST_KEY_NSHumanReadableCopyright = "";
				LD_RUNPATH_SEARCH_PATHS = (
					"$(inherited)",
					"@executable_path/../Frameworks",
				);
				MACOSX_DEPLOYMENT_TARGET = 14.0;
				MARKETING_VERSION = 1.0;
				PRODUCT_BUNDLE_IDENTIFIER = com.nicolocurioni.Convertier;
				PRODUCT_NAME = "$(TARGET_NAME)";
				SWIFT_EMIT_LOC_STRINGS = YES;
				SWIFT_VERSION = 5.0;
			};
			name = Release;
		};
		A19609D12C109C1D00737DB8 /* Debug */ = {
			isa = XCBuildConfiguration;
			buildSettings = {
				ALWAYS_EMBED_SWIFT_STANDARD_LIBRARIES = YES;
				BUNDLE_LOADER = "$(TEST_HOST)";
				CODE_SIGN_STYLE = Automatic;
				CURRENT_PROJECT_VERSION = 1;
				DEVELOPMENT_TEAM = 59XYW74885;
				GENERATE_INFOPLIST_FILE = YES;
				MACOSX_DEPLOYMENT_TARGET = 14.0;
				MARKETING_VERSION = 1.0;
				PRODUCT_BUNDLE_IDENTIFIER = com.nicolocurioni.ConvertierTests;
				PRODUCT_NAME = "$(TARGET_NAME)";
				SWIFT_EMIT_LOC_STRINGS = NO;
				SWIFT_VERSION = 5.0;
				TEST_HOST = "$(BUILT_PRODUCTS_DIR)/Convertier.app/$(BUNDLE_EXECUTABLE_FOLDER_PATH)/Convertier";
			};
			name = Debug;
		};
		A19609D22C109C1D00737DB8 /* Release */ = {
			isa = XCBuildConfiguration;
			buildSettings = {
				ALWAYS_EMBED_SWIFT_STANDARD_LIBRARIES = YES;
				BUNDLE_LOADER = "$(TEST_HOST)";
				CODE_SIGN_STYLE = Automatic;
				CURRENT_PROJECT_VERSION = 1;
				DEVELOPMENT_TEAM = 59XYW74885;
				GENERATE_INFOPLIST_FILE = YES;
				MACOSX_DEPLOYMENT_TARGET = 14.0;
				MARKETING_VERSION = 1.0;
				PRODUCT_BUNDLE_IDENTIFIER = com.nicolocurioni.ConvertierTests;
				PRODUCT_NAME = "$(TARGET_NAME)";
				SWIFT_EMIT_LOC_STRINGS = NO;
				SWIFT_VERSION = 5.0;
				TEST_HOST = "$(BUILT_PRODUCTS_DIR)/Convertier.app/$(BUNDLE_EXECUTABLE_FOLDER_PATH)/Convertier";
			};
			name = Release;
		};
		A19609D42C109C1D00737DB8 /* Debug */ = {
			isa = XCBuildConfiguration;
			buildSettings = {
				ALWAYS_EMBED_SWIFT_STANDARD_LIBRARIES = YES;
				CODE_SIGN_STYLE = Automatic;
				CURRENT_PROJECT_VERSION = 1;
				DEVELOPMENT_TEAM = 59XYW74885;
				GENERATE_INFOPLIST_FILE = YES;
				MARKETING_VERSION = 1.0;
				PRODUCT_BUNDLE_IDENTIFIER = com.nicolocurioni.ConvertierUITests;
				PRODUCT_NAME = "$(TARGET_NAME)";
				SWIFT_EMIT_LOC_STRINGS = NO;
				SWIFT_VERSION = 5.0;
				TEST_TARGET_NAME = Convertier;
			};
			name = Debug;
		};
		A19609D52C109C1D00737DB8 /* Release */ = {
			isa = XCBuildConfiguration;
			buildSettings = {
				ALWAYS_EMBED_SWIFT_STANDARD_LIBRARIES = YES;
				CODE_SIGN_STYLE = Automatic;
				CURRENT_PROJECT_VERSION = 1;
				DEVELOPMENT_TEAM = 59XYW74885;
				GENERATE_INFOPLIST_FILE = YES;
				MARKETING_VERSION = 1.0;
				PRODUCT_BUNDLE_IDENTIFIER = com.nicolocurioni.ConvertierUITests;
				PRODUCT_NAME = "$(TARGET_NAME)";
				SWIFT_EMIT_LOC_STRINGS = NO;
				SWIFT_VERSION = 5.0;
				TEST_TARGET_NAME = Convertier;
			};
			name = Release;
		};
/* End XCBuildConfiguration section */

/* Begin XCConfigurationList section */
		A19609A12C109C1B00737DB8 /* Build configuration list for PBXProject "Convertier" */ = {
			isa = XCConfigurationList;
			buildConfigurations = (
				A19609CB2C109C1D00737DB8 /* Debug */,
				A19609CC2C109C1D00737DB8 /* Release */,
			);
			defaultConfigurationIsVisible = 0;
			defaultConfigurationName = Release;
		};
		A19609CD2C109C1D00737DB8 /* Build configuration list for PBXNativeTarget "Convertier" */ = {
			isa = XCConfigurationList;
			buildConfigurations = (
				A19609CE2C109C1D00737DB8 /* Debug */,
				A19609CF2C109C1D00737DB8 /* Release */,
			);
			defaultConfigurationIsVisible = 0;
			defaultConfigurationName = Release;
		};
		A19609D02C109C1D00737DB8 /* Build configuration list for PBXNativeTarget "ConvertierTests" */ = {
			isa = XCConfigurationList;
			buildConfigurations = (
				A19609D12C109C1D00737DB8 /* Debug */,
				A19609D22C109C1D00737DB8 /* Release */,
			);
			defaultConfigurationIsVisible = 0;
			defaultConfigurationName = Release;
		};
		A19609D32C109C1D00737DB8 /* Build configuration list for PBXNativeTarget "ConvertierUITests" */ = {
			isa = XCConfigurationList;
			buildConfigurations = (
				A19609D42C109C1D00737DB8 /* Debug */,
				A19609D52C109C1D00737DB8 /* Release */,
			);
			defaultConfigurationIsVisible = 0;
			defaultConfigurationName = Release;
		};
/* End XCConfigurationList section */
	};
	rootObject = A196099E2C109C1B00737DB8 /* Project object */;
}
